// !$*UTF8*$!
{
	archiveVersion = 1;
	classes = {
	};
	objectVersion = 56;
	objects = {

/* Begin PBXBuildFile section */
		E1A04BA82B3314B700BE1BD7 /* AppDelegate.swift in Sources */ = {isa = PBXBuildFile; fileRef = E1A04BA72B3314B700BE1BD7 /* AppDelegate.swift */; };
		E1A04BAA2B3314B700BE1BD7 /* SceneDelegate.swift in Sources */ = {isa = PBXBuildFile; fileRef = E1A04BA92B3314B700BE1BD7 /* SceneDelegate.swift */; };
		E1A04BB12B3314B900BE1BD7 /* Assets.xcassets in Resources */ = {isa = PBXBuildFile; fileRef = E1A04BB02B3314B900BE1BD7 /* Assets.xcassets */; };
		E1A04BB42B3314B900BE1BD7 /* LaunchScreen.storyboard in Resources */ = {isa = PBXBuildFile; fileRef = E1A04BB22B3314B900BE1BD7 /* LaunchScreen.storyboard */; };
		E1A04BBF2B3314BA00BE1BD7 /* KayakTaskTests.swift in Sources */ = {isa = PBXBuildFile; fileRef = E1A04BBE2B3314BA00BE1BD7 /* KayakTaskTests.swift */; };
		E1A04BC92B3314BA00BE1BD7 /* KayakTaskUITests.swift in Sources */ = {isa = PBXBuildFile; fileRef = E1A04BC82B3314BA00BE1BD7 /* KayakTaskUITests.swift */; };
		E1A04BCB2B3314BA00BE1BD7 /* KayakTaskUITestsLaunchTests.swift in Sources */ = {isa = PBXBuildFile; fileRef = E1A04BCA2B3314BA00BE1BD7 /* KayakTaskUITestsLaunchTests.swift */; };
		E1A04BDC2B3319E900BE1BD7 /* Airline.swift in Sources */ = {isa = PBXBuildFile; fileRef = E1A04BDB2B3319E900BE1BD7 /* Airline.swift */; };
		E1A04BDE2B331ABB00BE1BD7 /* ApiClient.swift in Sources */ = {isa = PBXBuildFile; fileRef = E1A04BDD2B331ABB00BE1BD7 /* ApiClient.swift */; };
		E1A04BE02B331C0B00BE1BD7 /* Constants.swift in Sources */ = {isa = PBXBuildFile; fileRef = E1A04BDF2B331C0B00BE1BD7 /* Constants.swift */; };
		E1A04BE32B331E8400BE1BD7 /* Coordinator.swift in Sources */ = {isa = PBXBuildFile; fileRef = E1A04BE22B331E8400BE1BD7 /* Coordinator.swift */; };
		E1A04BE52B331EAD00BE1BD7 /* RootCoordinator.swift in Sources */ = {isa = PBXBuildFile; fileRef = E1A04BE42B331EAD00BE1BD7 /* RootCoordinator.swift */; };
		E1A04BE72B331EC200BE1BD7 /* AppContext.swift in Sources */ = {isa = PBXBuildFile; fileRef = E1A04BE62B331EC200BE1BD7 /* AppContext.swift */; };
		E1A04BEB2B331F9500BE1BD7 /* AirlinesListViewModel.swift in Sources */ = {isa = PBXBuildFile; fileRef = E1A04BEA2B331F9500BE1BD7 /* AirlinesListViewModel.swift */; };
		E1A04BED2B331FA700BE1BD7 /* AirlinesListViewController.swift in Sources */ = {isa = PBXBuildFile; fileRef = E1A04BEC2B331FA700BE1BD7 /* AirlinesListViewController.swift */; };
		E1A04BF12B331FE000BE1BD7 /* Newable.swift in Sources */ = {isa = PBXBuildFile; fileRef = E1A04BF02B331FE000BE1BD7 /* Newable.swift */; };
		E1A04BF32B33200C00BE1BD7 /* Reusable.swift in Sources */ = {isa = PBXBuildFile; fileRef = E1A04BF22B33200C00BE1BD7 /* Reusable.swift */; };
		E1A04BF52B33202900BE1BD7 /* ConstraintsBuilder.swift in Sources */ = {isa = PBXBuildFile; fileRef = E1A04BF42B33202900BE1BD7 /* ConstraintsBuilder.swift */; };
		E1A04BF72B33206A00BE1BD7 /* UIView+AddSubviews.swift in Sources */ = {isa = PBXBuildFile; fileRef = E1A04BF62B33206A00BE1BD7 /* UIView+AddSubviews.swift */; };
		E1A04BF92B3320A000BE1BD7 /* UIImageView+LoadImage.swift in Sources */ = {isa = PBXBuildFile; fileRef = E1A04BF82B3320A000BE1BD7 /* UIImageView+LoadImage.swift */; };
		E1A04BFB2B33217E00BE1BD7 /* AirlinesCoordinator.swift in Sources */ = {isa = PBXBuildFile; fileRef = E1A04BFA2B33217E00BE1BD7 /* AirlinesCoordinator.swift */; };
		E1A04BFE2B3328E100BE1BD7 /* AirlineCell.swift in Sources */ = {isa = PBXBuildFile; fileRef = E1A04BFD2B3328E100BE1BD7 /* AirlineCell.swift */; };
		E1A04C012B332BDA00BE1BD7 /* ImagePlaceholderView.swift in Sources */ = {isa = PBXBuildFile; fileRef = E1A04C002B332BDA00BE1BD7 /* ImagePlaceholderView.swift */; };
		E1A04C032B332F6900BE1BD7 /* AirlinesListDataSource.swift in Sources */ = {isa = PBXBuildFile; fileRef = E1A04C022B332F6900BE1BD7 /* AirlinesListDataSource.swift */; };
/* End PBXBuildFile section */

/* Begin PBXContainerItemProxy section */
		E1A04BBB2B3314BA00BE1BD7 /* PBXContainerItemProxy */ = {
			isa = PBXContainerItemProxy;
			containerPortal = E1A04B9C2B3314B700BE1BD7 /* Project object */;
			proxyType = 1;
			remoteGlobalIDString = E1A04BA32B3314B700BE1BD7;
			remoteInfo = KayakTask;
		};
		E1A04BC52B3314BA00BE1BD7 /* PBXContainerItemProxy */ = {
			isa = PBXContainerItemProxy;
			containerPortal = E1A04B9C2B3314B700BE1BD7 /* Project object */;
			proxyType = 1;
			remoteGlobalIDString = E1A04BA32B3314B700BE1BD7;
			remoteInfo = KayakTask;
		};
/* End PBXContainerItemProxy section */

/* Begin PBXFileReference section */
		E1A04BA42B3314B700BE1BD7 /* KayakTask.app */ = {isa = PBXFileReference; explicitFileType = wrapper.application; includeInIndex = 0; path = KayakTask.app; sourceTree = BUILT_PRODUCTS_DIR; };
		E1A04BA72B3314B700BE1BD7 /* AppDelegate.swift */ = {isa = PBXFileReference; lastKnownFileType = sourcecode.swift; path = AppDelegate.swift; sourceTree = "<group>"; };
		E1A04BA92B3314B700BE1BD7 /* SceneDelegate.swift */ = {isa = PBXFileReference; lastKnownFileType = sourcecode.swift; path = SceneDelegate.swift; sourceTree = "<group>"; };
		E1A04BB02B3314B900BE1BD7 /* Assets.xcassets */ = {isa = PBXFileReference; lastKnownFileType = folder.assetcatalog; path = Assets.xcassets; sourceTree = "<group>"; };
		E1A04BB32B3314B900BE1BD7 /* Base */ = {isa = PBXFileReference; lastKnownFileType = file.storyboard; name = Base; path = Base.lproj/LaunchScreen.storyboard; sourceTree = "<group>"; };
		E1A04BB52B3314B900BE1BD7 /* Info.plist */ = {isa = PBXFileReference; lastKnownFileType = text.plist.xml; path = Info.plist; sourceTree = "<group>"; };
		E1A04BBA2B3314BA00BE1BD7 /* KayakTaskTests.xctest */ = {isa = PBXFileReference; explicitFileType = wrapper.cfbundle; includeInIndex = 0; path = KayakTaskTests.xctest; sourceTree = BUILT_PRODUCTS_DIR; };
		E1A04BBE2B3314BA00BE1BD7 /* KayakTaskTests.swift */ = {isa = PBXFileReference; lastKnownFileType = sourcecode.swift; path = KayakTaskTests.swift; sourceTree = "<group>"; };
		E1A04BC42B3314BA00BE1BD7 /* KayakTaskUITests.xctest */ = {isa = PBXFileReference; explicitFileType = wrapper.cfbundle; includeInIndex = 0; path = KayakTaskUITests.xctest; sourceTree = BUILT_PRODUCTS_DIR; };
		E1A04BC82B3314BA00BE1BD7 /* KayakTaskUITests.swift */ = {isa = PBXFileReference; lastKnownFileType = sourcecode.swift; path = KayakTaskUITests.swift; sourceTree = "<group>"; };
		E1A04BCA2B3314BA00BE1BD7 /* KayakTaskUITestsLaunchTests.swift */ = {isa = PBXFileReference; lastKnownFileType = sourcecode.swift; path = KayakTaskUITestsLaunchTests.swift; sourceTree = "<group>"; };
		E1A04BDB2B3319E900BE1BD7 /* Airline.swift */ = {isa = PBXFileReference; lastKnownFileType = sourcecode.swift; path = Airline.swift; sourceTree = "<group>"; };
		E1A04BDD2B331ABB00BE1BD7 /* ApiClient.swift */ = {isa = PBXFileReference; lastKnownFileType = sourcecode.swift; path = ApiClient.swift; sourceTree = "<group>"; };
		E1A04BDF2B331C0B00BE1BD7 /* Constants.swift */ = {isa = PBXFileReference; lastKnownFileType = sourcecode.swift; path = Constants.swift; sourceTree = "<group>"; };
		E1A04BE22B331E8400BE1BD7 /* Coordinator.swift */ = {isa = PBXFileReference; lastKnownFileType = sourcecode.swift; path = Coordinator.swift; sourceTree = "<group>"; };
		E1A04BE42B331EAD00BE1BD7 /* RootCoordinator.swift */ = {isa = PBXFileReference; lastKnownFileType = sourcecode.swift; path = RootCoordinator.swift; sourceTree = "<group>"; };
		E1A04BE62B331EC200BE1BD7 /* AppContext.swift */ = {isa = PBXFileReference; lastKnownFileType = sourcecode.swift; path = AppContext.swift; sourceTree = "<group>"; };
		E1A04BEA2B331F9500BE1BD7 /* AirlinesListViewModel.swift */ = {isa = PBXFileReference; lastKnownFileType = sourcecode.swift; path = AirlinesListViewModel.swift; sourceTree = "<group>"; };
		E1A04BEC2B331FA700BE1BD7 /* AirlinesListViewController.swift */ = {isa = PBXFileReference; lastKnownFileType = sourcecode.swift; path = AirlinesListViewController.swift; sourceTree = "<group>"; };
		E1A04BF02B331FE000BE1BD7 /* Newable.swift */ = {isa = PBXFileReference; lastKnownFileType = sourcecode.swift; path = Newable.swift; sourceTree = "<group>"; };
		E1A04BF22B33200C00BE1BD7 /* Reusable.swift */ = {isa = PBXFileReference; lastKnownFileType = sourcecode.swift; path = Reusable.swift; sourceTree = "<group>"; };
		E1A04BF42B33202900BE1BD7 /* ConstraintsBuilder.swift */ = {isa = PBXFileReference; lastKnownFileType = sourcecode.swift; path = ConstraintsBuilder.swift; sourceTree = "<group>"; };
		E1A04BF62B33206A00BE1BD7 /* UIView+AddSubviews.swift */ = {isa = PBXFileReference; lastKnownFileType = sourcecode.swift; path = "UIView+AddSubviews.swift"; sourceTree = "<group>"; };
		E1A04BF82B3320A000BE1BD7 /* UIImageView+LoadImage.swift */ = {isa = PBXFileReference; lastKnownFileType = sourcecode.swift; path = "UIImageView+LoadImage.swift"; sourceTree = "<group>"; };
		E1A04BFA2B33217E00BE1BD7 /* AirlinesCoordinator.swift */ = {isa = PBXFileReference; lastKnownFileType = sourcecode.swift; path = AirlinesCoordinator.swift; sourceTree = "<group>"; };
		E1A04BFD2B3328E100BE1BD7 /* AirlineCell.swift */ = {isa = PBXFileReference; lastKnownFileType = sourcecode.swift; path = AirlineCell.swift; sourceTree = "<group>"; };
		E1A04C002B332BDA00BE1BD7 /* ImagePlaceholderView.swift */ = {isa = PBXFileReference; lastKnownFileType = sourcecode.swift; path = ImagePlaceholderView.swift; sourceTree = "<group>"; };
		E1A04C022B332F6900BE1BD7 /* AirlinesListDataSource.swift */ = {isa = PBXFileReference; lastKnownFileType = sourcecode.swift; path = AirlinesListDataSource.swift; sourceTree = "<group>"; };
/* End PBXFileReference section */

/* Begin PBXFrameworksBuildPhase section */
		E1A04BA12B3314B700BE1BD7 /* Frameworks */ = {
			isa = PBXFrameworksBuildPhase;
			buildActionMask = 2147483647;
			files = (
			);
			runOnlyForDeploymentPostprocessing = 0;
		};
		E1A04BB72B3314BA00BE1BD7 /* Frameworks */ = {
			isa = PBXFrameworksBuildPhase;
			buildActionMask = 2147483647;
			files = (
			);
			runOnlyForDeploymentPostprocessing = 0;
		};
		E1A04BC12B3314BA00BE1BD7 /* Frameworks */ = {
			isa = PBXFrameworksBuildPhase;
			buildActionMask = 2147483647;
			files = (
			);
			runOnlyForDeploymentPostprocessing = 0;
		};
/* End PBXFrameworksBuildPhase section */

/* Begin PBXGroup section */
		E1A04B9B2B3314B700BE1BD7 = {
			isa = PBXGroup;
			children = (
				E1A04BA62B3314B700BE1BD7 /* KayakTask */,
				E1A04BBD2B3314BA00BE1BD7 /* KayakTaskTests */,
				E1A04BC72B3314BA00BE1BD7 /* KayakTaskUITests */,
				E1A04BA52B3314B700BE1BD7 /* Products */,
			);
			sourceTree = "<group>";
		};
		E1A04BA52B3314B700BE1BD7 /* Products */ = {
			isa = PBXGroup;
			children = (
				E1A04BA42B3314B700BE1BD7 /* KayakTask.app */,
				E1A04BBA2B3314BA00BE1BD7 /* KayakTaskTests.xctest */,
				E1A04BC42B3314BA00BE1BD7 /* KayakTaskUITests.xctest */,
			);
			name = Products;
			sourceTree = "<group>";
		};
		E1A04BA62B3314B700BE1BD7 /* KayakTask */ = {
			isa = PBXGroup;
			children = (
				E1A04BD82B33195F00BE1BD7 /* App */,
				E1A04BEE2B331FB600BE1BD7 /* Common */,
				E1A04BD92B3319BC00BE1BD7 /* Clients */,
				E1A04BE12B331E5D00BE1BD7 /* Coordinators */,
				E1A04BE82B331F6600BE1BD7 /* Modules */,
				E1A04BD72B33159F00BE1BD7 /* Resources */,
			);
			path = KayakTask;
			sourceTree = "<group>";
		};
		E1A04BBD2B3314BA00BE1BD7 /* KayakTaskTests */ = {
			isa = PBXGroup;
			children = (
				E1A04BBE2B3314BA00BE1BD7 /* KayakTaskTests.swift */,
			);
			path = KayakTaskTests;
			sourceTree = "<group>";
		};
		E1A04BC72B3314BA00BE1BD7 /* KayakTaskUITests */ = {
			isa = PBXGroup;
			children = (
				E1A04BC82B3314BA00BE1BD7 /* KayakTaskUITests.swift */,
				E1A04BCA2B3314BA00BE1BD7 /* KayakTaskUITestsLaunchTests.swift */,
			);
			path = KayakTaskUITests;
			sourceTree = "<group>";
		};
		E1A04BD72B33159F00BE1BD7 /* Resources */ = {
			isa = PBXGroup;
			children = (
				E1A04BB02B3314B900BE1BD7 /* Assets.xcassets */,
				E1A04BB22B3314B900BE1BD7 /* LaunchScreen.storyboard */,
				E1A04BB52B3314B900BE1BD7 /* Info.plist */,
			);
			path = Resources;
			sourceTree = "<group>";
		};
		E1A04BD82B33195F00BE1BD7 /* App */ = {
			isa = PBXGroup;
			children = (
				E1A04BA72B3314B700BE1BD7 /* AppDelegate.swift */,
				E1A04BA92B3314B700BE1BD7 /* SceneDelegate.swift */,
				E1A04BE62B331EC200BE1BD7 /* AppContext.swift */,
				E1A04BDF2B331C0B00BE1BD7 /* Constants.swift */,
			);
			path = App;
			sourceTree = "<group>";
		};
		E1A04BD92B3319BC00BE1BD7 /* Clients */ = {
			isa = PBXGroup;
			children = (
				E1A04BDA2B3319D500BE1BD7 /* ApiClient */,
			);
			path = Clients;
			sourceTree = "<group>";
		};
		E1A04BDA2B3319D500BE1BD7 /* ApiClient */ = {
			isa = PBXGroup;
			children = (
				E1A04BDB2B3319E900BE1BD7 /* Airline.swift */,
				E1A04BDD2B331ABB00BE1BD7 /* ApiClient.swift */,
			);
			path = ApiClient;
			sourceTree = "<group>";
		};
		E1A04BE12B331E5D00BE1BD7 /* Coordinators */ = {
			isa = PBXGroup;
			children = (
				E1A04BE22B331E8400BE1BD7 /* Coordinator.swift */,
				E1A04BE42B331EAD00BE1BD7 /* RootCoordinator.swift */,
				E1A04BFA2B33217E00BE1BD7 /* AirlinesCoordinator.swift */,
			);
			path = Coordinators;
			sourceTree = "<group>";
		};
		E1A04BE82B331F6600BE1BD7 /* Modules */ = {
			isa = PBXGroup;
			children = (
				E1A04BE92B331F7F00BE1BD7 /* AirlinesList */,
			);
			path = Modules;
			sourceTree = "<group>";
		};
		E1A04BE92B331F7F00BE1BD7 /* AirlinesList */ = {
			isa = PBXGroup;
			children = (
				E1A04C042B333E5600BE1BD7 /* CollectionView */,
				E1A04BFC2B3328D200BE1BD7 /* Cell */,
				E1A04BEA2B331F9500BE1BD7 /* AirlinesListViewModel.swift */,
				E1A04BEC2B331FA700BE1BD7 /* AirlinesListViewController.swift */,
			);
			path = AirlinesList;
			sourceTree = "<group>";
		};
		E1A04BEE2B331FB600BE1BD7 /* Common */ = {
			isa = PBXGroup;
			children = (
				E1A04BFF2B332BC700BE1BD7 /* View */,
				E1A04BEF2B331FC200BE1BD7 /* Extensions */,
				E1A04BF02B331FE000BE1BD7 /* Newable.swift */,
				E1A04BF22B33200C00BE1BD7 /* Reusable.swift */,
				E1A04BF42B33202900BE1BD7 /* ConstraintsBuilder.swift */,
			);
			path = Common;
			sourceTree = "<group>";
		};
		E1A04BEF2B331FC200BE1BD7 /* Extensions */ = {
			isa = PBXGroup;
			children = (
				E1A04BF62B33206A00BE1BD7 /* UIView+AddSubviews.swift */,
				E1A04BF82B3320A000BE1BD7 /* UIImageView+LoadImage.swift */,
			);
			path = Extensions;
			sourceTree = "<group>";
		};
		E1A04BFC2B3328D200BE1BD7 /* Cell */ = {
			isa = PBXGroup;
			children = (
				E1A04BFD2B3328E100BE1BD7 /* AirlineCell.swift */,
			);
			path = Cell;
			sourceTree = "<group>";
		};
		E1A04BFF2B332BC700BE1BD7 /* View */ = {
			isa = PBXGroup;
			children = (
				E1A04C002B332BDA00BE1BD7 /* ImagePlaceholderView.swift */,
			);
			path = View;
			sourceTree = "<group>";
		};
		E1A04C042B333E5600BE1BD7 /* CollectionView */ = {
			isa = PBXGroup;
			children = (
				E1A04C022B332F6900BE1BD7 /* AirlinesListDataSource.swift */,
			);
			path = CollectionView;
			sourceTree = "<group>";
		};
/* End PBXGroup section */

/* Begin PBXNativeTarget section */
		E1A04BA32B3314B700BE1BD7 /* KayakTask */ = {
			isa = PBXNativeTarget;
			buildConfigurationList = E1A04BCE2B3314BA00BE1BD7 /* Build configuration list for PBXNativeTarget "KayakTask" */;
			buildPhases = (
				E1A04BA02B3314B700BE1BD7 /* Sources */,
				E1A04BA12B3314B700BE1BD7 /* Frameworks */,
				E1A04BA22B3314B700BE1BD7 /* Resources */,
			);
			buildRules = (
			);
			dependencies = (
			);
			name = KayakTask;
			productName = KayakTask;
			productReference = E1A04BA42B3314B700BE1BD7 /* KayakTask.app */;
			productType = "com.apple.product-type.application";
		};
		E1A04BB92B3314BA00BE1BD7 /* KayakTaskTests */ = {
			isa = PBXNativeTarget;
			buildConfigurationList = E1A04BD12B3314BA00BE1BD7 /* Build configuration list for PBXNativeTarget "KayakTaskTests" */;
			buildPhases = (
				E1A04BB62B3314BA00BE1BD7 /* Sources */,
				E1A04BB72B3314BA00BE1BD7 /* Frameworks */,
				E1A04BB82B3314BA00BE1BD7 /* Resources */,
			);
			buildRules = (
			);
			dependencies = (
				E1A04BBC2B3314BA00BE1BD7 /* PBXTargetDependency */,
			);
			name = KayakTaskTests;
			productName = KayakTaskTests;
			productReference = E1A04BBA2B3314BA00BE1BD7 /* KayakTaskTests.xctest */;
			productType = "com.apple.product-type.bundle.unit-test";
		};
		E1A04BC32B3314BA00BE1BD7 /* KayakTaskUITests */ = {
			isa = PBXNativeTarget;
			buildConfigurationList = E1A04BD42B3314BA00BE1BD7 /* Build configuration list for PBXNativeTarget "KayakTaskUITests" */;
			buildPhases = (
				E1A04BC02B3314BA00BE1BD7 /* Sources */,
				E1A04BC12B3314BA00BE1BD7 /* Frameworks */,
				E1A04BC22B3314BA00BE1BD7 /* Resources */,
			);
			buildRules = (
			);
			dependencies = (
				E1A04BC62B3314BA00BE1BD7 /* PBXTargetDependency */,
			);
			name = KayakTaskUITests;
			productName = KayakTaskUITests;
			productReference = E1A04BC42B3314BA00BE1BD7 /* KayakTaskUITests.xctest */;
			productType = "com.apple.product-type.bundle.ui-testing";
		};
/* End PBXNativeTarget section */

/* Begin PBXProject section */
		E1A04B9C2B3314B700BE1BD7 /* Project object */ = {
			isa = PBXProject;
			attributes = {
				BuildIndependentTargetsInParallel = 1;
				LastSwiftUpdateCheck = 1510;
				LastUpgradeCheck = 1510;
				TargetAttributes = {
					E1A04BA32B3314B700BE1BD7 = {
						CreatedOnToolsVersion = 15.1;
					};
					E1A04BB92B3314BA00BE1BD7 = {
						CreatedOnToolsVersion = 15.1;
						TestTargetID = E1A04BA32B3314B700BE1BD7;
					};
					E1A04BC32B3314BA00BE1BD7 = {
						CreatedOnToolsVersion = 15.1;
						TestTargetID = E1A04BA32B3314B700BE1BD7;
					};
				};
			};
			buildConfigurationList = E1A04B9F2B3314B700BE1BD7 /* Build configuration list for PBXProject "KayakTask" */;
			compatibilityVersion = "Xcode 14.0";
			developmentRegion = en;
			hasScannedForEncodings = 0;
			knownRegions = (
				en,
				Base,
			);
			mainGroup = E1A04B9B2B3314B700BE1BD7;
			productRefGroup = E1A04BA52B3314B700BE1BD7 /* Products */;
			projectDirPath = "";
			projectRoot = "";
			targets = (
				E1A04BA32B3314B700BE1BD7 /* KayakTask */,
				E1A04BB92B3314BA00BE1BD7 /* KayakTaskTests */,
				E1A04BC32B3314BA00BE1BD7 /* KayakTaskUITests */,
			);
		};
/* End PBXProject section */

/* Begin PBXResourcesBuildPhase section */
		E1A04BA22B3314B700BE1BD7 /* Resources */ = {
			isa = PBXResourcesBuildPhase;
			buildActionMask = 2147483647;
			files = (
				E1A04BB42B3314B900BE1BD7 /* LaunchScreen.storyboard in Resources */,
				E1A04BB12B3314B900BE1BD7 /* Assets.xcassets in Resources */,
			);
			runOnlyForDeploymentPostprocessing = 0;
		};
		E1A04BB82B3314BA00BE1BD7 /* Resources */ = {
			isa = PBXResourcesBuildPhase;
			buildActionMask = 2147483647;
			files = (
			);
			runOnlyForDeploymentPostprocessing = 0;
		};
		E1A04BC22B3314BA00BE1BD7 /* Resources */ = {
			isa = PBXResourcesBuildPhase;
			buildActionMask = 2147483647;
			files = (
			);
			runOnlyForDeploymentPostprocessing = 0;
		};
/* End PBXResourcesBuildPhase section */

/* Begin PBXSourcesBuildPhase section */
		E1A04BA02B3314B700BE1BD7 /* Sources */ = {
			isa = PBXSourcesBuildPhase;
			buildActionMask = 2147483647;
			files = (
				E1A04BF32B33200C00BE1BD7 /* Reusable.swift in Sources */,
				E1A04BED2B331FA700BE1BD7 /* AirlinesListViewController.swift in Sources */,
				E1A04BE02B331C0B00BE1BD7 /* Constants.swift in Sources */,
				E1A04BE72B331EC200BE1BD7 /* AppContext.swift in Sources */,
				E1A04C012B332BDA00BE1BD7 /* ImagePlaceholderView.swift in Sources */,
				E1A04BDC2B3319E900BE1BD7 /* Airline.swift in Sources */,
				E1A04BE32B331E8400BE1BD7 /* Coordinator.swift in Sources */,
				E1A04C032B332F6900BE1BD7 /* AirlinesListDataSource.swift in Sources */,
				E1A04BEB2B331F9500BE1BD7 /* AirlinesListViewModel.swift in Sources */,
				E1A04BF52B33202900BE1BD7 /* ConstraintsBuilder.swift in Sources */,
				E1A04BF72B33206A00BE1BD7 /* UIView+AddSubviews.swift in Sources */,
				E1A04BA82B3314B700BE1BD7 /* AppDelegate.swift in Sources */,
				E1A04BF12B331FE000BE1BD7 /* Newable.swift in Sources */,
				E1A04BAA2B3314B700BE1BD7 /* SceneDelegate.swift in Sources */,
				E1A04BFE2B3328E100BE1BD7 /* AirlineCell.swift in Sources */,
				E1A04BDE2B331ABB00BE1BD7 /* ApiClient.swift in Sources */,
				E1A04BF92B3320A000BE1BD7 /* UIImageView+LoadImage.swift in Sources */,
				E1A04BE52B331EAD00BE1BD7 /* RootCoordinator.swift in Sources */,
				E1A04BFB2B33217E00BE1BD7 /* AirlinesCoordinator.swift in Sources */,
			);
			runOnlyForDeploymentPostprocessing = 0;
		};
		E1A04BB62B3314BA00BE1BD7 /* Sources */ = {
			isa = PBXSourcesBuildPhase;
			buildActionMask = 2147483647;
			files = (
				E1A04BBF2B3314BA00BE1BD7 /* KayakTaskTests.swift in Sources */,
			);
			runOnlyForDeploymentPostprocessing = 0;
		};
		E1A04BC02B3314BA00BE1BD7 /* Sources */ = {
			isa = PBXSourcesBuildPhase;
			buildActionMask = 2147483647;
			files = (
				E1A04BC92B3314BA00BE1BD7 /* KayakTaskUITests.swift in Sources */,
				E1A04BCB2B3314BA00BE1BD7 /* KayakTaskUITestsLaunchTests.swift in Sources */,
			);
			runOnlyForDeploymentPostprocessing = 0;
		};
/* End PBXSourcesBuildPhase section */

/* Begin PBXTargetDependency section */
		E1A04BBC2B3314BA00BE1BD7 /* PBXTargetDependency */ = {
			isa = PBXTargetDependency;
			target = E1A04BA32B3314B700BE1BD7 /* KayakTask */;
			targetProxy = E1A04BBB2B3314BA00BE1BD7 /* PBXContainerItemProxy */;
		};
		E1A04BC62B3314BA00BE1BD7 /* PBXTargetDependency */ = {
			isa = PBXTargetDependency;
			target = E1A04BA32B3314B700BE1BD7 /* KayakTask */;
			targetProxy = E1A04BC52B3314BA00BE1BD7 /* PBXContainerItemProxy */;
		};
/* End PBXTargetDependency section */

/* Begin PBXVariantGroup section */
		E1A04BB22B3314B900BE1BD7 /* LaunchScreen.storyboard */ = {
			isa = PBXVariantGroup;
			children = (
				E1A04BB32B3314B900BE1BD7 /* Base */,
			);
			name = LaunchScreen.storyboard;
			sourceTree = "<group>";
		};
/* End PBXVariantGroup section */

/* Begin XCBuildConfiguration section */
		E1A04BCC2B3314BA00BE1BD7 /* Debug */ = {
			isa = XCBuildConfiguration;
			buildSettings = {
				ALWAYS_SEARCH_USER_PATHS = NO;
				ASSETCATALOG_COMPILER_GENERATE_SWIFT_ASSET_SYMBOL_EXTENSIONS = YES;
				CLANG_ANALYZER_NONNULL = YES;
				CLANG_ANALYZER_NUMBER_OBJECT_CONVERSION = YES_AGGRESSIVE;
				CLANG_CXX_LANGUAGE_STANDARD = "gnu++20";
				CLANG_ENABLE_MODULES = YES;
				CLANG_ENABLE_OBJC_ARC = YES;
				CLANG_ENABLE_OBJC_WEAK = YES;
				CLANG_WARN_BLOCK_CAPTURE_AUTORELEASING = YES;
				CLANG_WARN_BOOL_CONVERSION = YES;
				CLANG_WARN_COMMA = YES;
				CLANG_WARN_CONSTANT_CONVERSION = YES;
				CLANG_WARN_DEPRECATED_OBJC_IMPLEMENTATIONS = YES;
				CLANG_WARN_DIRECT_OBJC_ISA_USAGE = YES_ERROR;
				CLANG_WARN_DOCUMENTATION_COMMENTS = YES;
				CLANG_WARN_EMPTY_BODY = YES;
				CLANG_WARN_ENUM_CONVERSION = YES;
				CLANG_WARN_INFINITE_RECURSION = YES;
				CLANG_WARN_INT_CONVERSION = YES;
				CLANG_WARN_NON_LITERAL_NULL_CONVERSION = YES;
				CLANG_WARN_OBJC_IMPLICIT_RETAIN_SELF = YES;
				CLANG_WARN_OBJC_LITERAL_CONVERSION = YES;
				CLANG_WARN_OBJC_ROOT_CLASS = YES_ERROR;
				CLANG_WARN_QUOTED_INCLUDE_IN_FRAMEWORK_HEADER = YES;
				CLANG_WARN_RANGE_LOOP_ANALYSIS = YES;
				CLANG_WARN_STRICT_PROTOTYPES = YES;
				CLANG_WARN_SUSPICIOUS_MOVE = YES;
				CLANG_WARN_UNGUARDED_AVAILABILITY = YES_AGGRESSIVE;
				CLANG_WARN_UNREACHABLE_CODE = YES;
				CLANG_WARN__DUPLICATE_METHOD_MATCH = YES;
				COPY_PHASE_STRIP = NO;
				DEBUG_INFORMATION_FORMAT = dwarf;
				ENABLE_STRICT_OBJC_MSGSEND = YES;
				ENABLE_TESTABILITY = YES;
				ENABLE_USER_SCRIPT_SANDBOXING = YES;
				GCC_C_LANGUAGE_STANDARD = gnu17;
				GCC_DYNAMIC_NO_PIC = NO;
				GCC_NO_COMMON_BLOCKS = YES;
				GCC_OPTIMIZATION_LEVEL = 0;
				GCC_PREPROCESSOR_DEFINITIONS = (
					"DEBUG=1",
					"$(inherited)",
				);
				GCC_WARN_64_TO_32_BIT_CONVERSION = YES;
				GCC_WARN_ABOUT_RETURN_TYPE = YES_ERROR;
				GCC_WARN_UNDECLARED_SELECTOR = YES;
				GCC_WARN_UNINITIALIZED_AUTOS = YES_AGGRESSIVE;
				GCC_WARN_UNUSED_FUNCTION = YES;
				GCC_WARN_UNUSED_VARIABLE = YES;
				IPHONEOS_DEPLOYMENT_TARGET = 17.2;
				LOCALIZATION_PREFERS_STRING_CATALOGS = YES;
				MTL_ENABLE_DEBUG_INFO = INCLUDE_SOURCE;
				MTL_FAST_MATH = YES;
				ONLY_ACTIVE_ARCH = YES;
				SDKROOT = iphoneos;
				SWIFT_ACTIVE_COMPILATION_CONDITIONS = "DEBUG $(inherited)";
				SWIFT_OPTIMIZATION_LEVEL = "-Onone";
			};
			name = Debug;
		};
		E1A04BCD2B3314BA00BE1BD7 /* Release */ = {
			isa = XCBuildConfiguration;
			buildSettings = {
				ALWAYS_SEARCH_USER_PATHS = NO;
				ASSETCATALOG_COMPILER_GENERATE_SWIFT_ASSET_SYMBOL_EXTENSIONS = YES;
				CLANG_ANALYZER_NONNULL = YES;
				CLANG_ANALYZER_NUMBER_OBJECT_CONVERSION = YES_AGGRESSIVE;
				CLANG_CXX_LANGUAGE_STANDARD = "gnu++20";
				CLANG_ENABLE_MODULES = YES;
				CLANG_ENABLE_OBJC_ARC = YES;
				CLANG_ENABLE_OBJC_WEAK = YES;
				CLANG_WARN_BLOCK_CAPTURE_AUTORELEASING = YES;
				CLANG_WARN_BOOL_CONVERSION = YES;
				CLANG_WARN_COMMA = YES;
				CLANG_WARN_CONSTANT_CONVERSION = YES;
				CLANG_WARN_DEPRECATED_OBJC_IMPLEMENTATIONS = YES;
				CLANG_WARN_DIRECT_OBJC_ISA_USAGE = YES_ERROR;
				CLANG_WARN_DOCUMENTATION_COMMENTS = YES;
				CLANG_WARN_EMPTY_BODY = YES;
				CLANG_WARN_ENUM_CONVERSION = YES;
				CLANG_WARN_INFINITE_RECURSION = YES;
				CLANG_WARN_INT_CONVERSION = YES;
				CLANG_WARN_NON_LITERAL_NULL_CONVERSION = YES;
				CLANG_WARN_OBJC_IMPLICIT_RETAIN_SELF = YES;
				CLANG_WARN_OBJC_LITERAL_CONVERSION = YES;
				CLANG_WARN_OBJC_ROOT_CLASS = YES_ERROR;
				CLANG_WARN_QUOTED_INCLUDE_IN_FRAMEWORK_HEADER = YES;
				CLANG_WARN_RANGE_LOOP_ANALYSIS = YES;
				CLANG_WARN_STRICT_PROTOTYPES = YES;
				CLANG_WARN_SUSPICIOUS_MOVE = YES;
				CLANG_WARN_UNGUARDED_AVAILABILITY = YES_AGGRESSIVE;
				CLANG_WARN_UNREACHABLE_CODE = YES;
				CLANG_WARN__DUPLICATE_METHOD_MATCH = YES;
				COPY_PHASE_STRIP = NO;
				DEBUG_INFORMATION_FORMAT = "dwarf-with-dsym";
				ENABLE_NS_ASSERTIONS = NO;
				ENABLE_STRICT_OBJC_MSGSEND = YES;
				ENABLE_USER_SCRIPT_SANDBOXING = YES;
				GCC_C_LANGUAGE_STANDARD = gnu17;
				GCC_NO_COMMON_BLOCKS = YES;
				GCC_WARN_64_TO_32_BIT_CONVERSION = YES;
				GCC_WARN_ABOUT_RETURN_TYPE = YES_ERROR;
				GCC_WARN_UNDECLARED_SELECTOR = YES;
				GCC_WARN_UNINITIALIZED_AUTOS = YES_AGGRESSIVE;
				GCC_WARN_UNUSED_FUNCTION = YES;
				GCC_WARN_UNUSED_VARIABLE = YES;
				IPHONEOS_DEPLOYMENT_TARGET = 17.2;
				LOCALIZATION_PREFERS_STRING_CATALOGS = YES;
				MTL_ENABLE_DEBUG_INFO = NO;
				MTL_FAST_MATH = YES;
				SDKROOT = iphoneos;
				SWIFT_COMPILATION_MODE = wholemodule;
				VALIDATE_PRODUCT = YES;
			};
			name = Release;
		};
		E1A04BCF2B3314BA00BE1BD7 /* Debug */ = {
			isa = XCBuildConfiguration;
			buildSettings = {
				ASSETCATALOG_COMPILER_APPICON_NAME = AppIcon;
				ASSETCATALOG_COMPILER_GLOBAL_ACCENT_COLOR_NAME = AccentColor;
				CODE_SIGN_STYLE = Automatic;
				CURRENT_PROJECT_VERSION = 1;
				DEVELOPMENT_TEAM = 7SX728UU78;
				GENERATE_INFOPLIST_FILE = YES;
				INFOPLIST_FILE = KayakTask/Resources/Info.plist;
				INFOPLIST_KEY_UIApplicationSupportsIndirectInputEvents = YES;
				INFOPLIST_KEY_UILaunchStoryboardName = LaunchScreen;
				INFOPLIST_KEY_UIMainStoryboardFile = "";
				INFOPLIST_KEY_UISupportedInterfaceOrientations = UIInterfaceOrientationPortrait;
				LD_RUNPATH_SEARCH_PATHS = (
					"$(inherited)",
					"@executable_path/Frameworks",
				);
				MARKETING_VERSION = 1.0;
				PRODUCT_BUNDLE_IDENTIFIER = com.sudnik.ik.KayakTask;
				PRODUCT_NAME = "$(TARGET_NAME)";
				SUPPORTED_PLATFORMS = "iphoneos iphonesimulator";
				SUPPORTS_MACCATALYST = NO;
				SUPPORTS_MAC_DESIGNED_FOR_IPHONE_IPAD = NO;
				SWIFT_EMIT_LOC_STRINGS = YES;
				SWIFT_VERSION = 5.0;
				TARGETED_DEVICE_FAMILY = 1;
			};
			name = Debug;
		};
		E1A04BD02B3314BA00BE1BD7 /* Release */ = {
			isa = XCBuildConfiguration;
			buildSettings = {
				ASSETCATALOG_COMPILER_APPICON_NAME = AppIcon;
				ASSETCATALOG_COMPILER_GLOBAL_ACCENT_COLOR_NAME = AccentColor;
				CODE_SIGN_STYLE = Automatic;
				CURRENT_PROJECT_VERSION = 1;
				DEVELOPMENT_TEAM = 7SX728UU78;
				GENERATE_INFOPLIST_FILE = YES;
				INFOPLIST_FILE = KayakTask/Resources/Info.plist;
				INFOPLIST_KEY_UIApplicationSupportsIndirectInputEvents = YES;
				INFOPLIST_KEY_UILaunchStoryboardName = LaunchScreen;
				INFOPLIST_KEY_UIMainStoryboardFile = "";
				INFOPLIST_KEY_UISupportedInterfaceOrientations = UIInterfaceOrientationPortrait;
				LD_RUNPATH_SEARCH_PATHS = (
					"$(inherited)",
					"@executable_path/Frameworks",
				);
				MARKETING_VERSION = 1.0;
				PRODUCT_BUNDLE_IDENTIFIER = com.sudnik.ik.KayakTask;
				PRODUCT_NAME = "$(TARGET_NAME)";
				SUPPORTED_PLATFORMS = "iphoneos iphonesimulator";
				SUPPORTS_MACCATALYST = NO;
				SUPPORTS_MAC_DESIGNED_FOR_IPHONE_IPAD = NO;
				SWIFT_EMIT_LOC_STRINGS = YES;
				SWIFT_VERSION = 5.0;
				TARGETED_DEVICE_FAMILY = 1;
			};
			name = Release;
		};
		E1A04BD22B3314BA00BE1BD7 /* Debug */ = {
			isa = XCBuildConfiguration;
			buildSettings = {
				ALWAYS_EMBED_SWIFT_STANDARD_LIBRARIES = YES;
				BUNDLE_LOADER = "$(TEST_HOST)";
				CODE_SIGN_STYLE = Automatic;
				CURRENT_PROJECT_VERSION = 1;
				DEVELOPMENT_TEAM = 7SX728UU78;
				GENERATE_INFOPLIST_FILE = YES;
				IPHONEOS_DEPLOYMENT_TARGET = 17.2;
				MARKETING_VERSION = 1.0;
				PRODUCT_BUNDLE_IDENTIFIER = com.sudnik.ik.KayakTaskTests;
				PRODUCT_NAME = "$(TARGET_NAME)";
				SWIFT_EMIT_LOC_STRINGS = NO;
				SWIFT_VERSION = 5.0;
				TARGETED_DEVICE_FAMILY = "1,2";
				TEST_HOST = "$(BUILT_PRODUCTS_DIR)/KayakTask.app/$(BUNDLE_EXECUTABLE_FOLDER_PATH)/KayakTask";
			};
			name = Debug;
		};
		E1A04BD32B3314BA00BE1BD7 /* Release */ = {
			isa = XCBuildConfiguration;
			buildSettings = {
				ALWAYS_EMBED_SWIFT_STANDARD_LIBRARIES = YES;
				BUNDLE_LOADER = "$(TEST_HOST)";
				CODE_SIGN_STYLE = Automatic;
				CURRENT_PROJECT_VERSION = 1;
				DEVELOPMENT_TEAM = 7SX728UU78;
				GENERATE_INFOPLIST_FILE = YES;
				IPHONEOS_DEPLOYMENT_TARGET = 17.2;
				MARKETING_VERSION = 1.0;
				PRODUCT_BUNDLE_IDENTIFIER = com.sudnik.ik.KayakTaskTests;
				PRODUCT_NAME = "$(TARGET_NAME)";
				SWIFT_EMIT_LOC_STRINGS = NO;
				SWIFT_VERSION = 5.0;
				TARGETED_DEVICE_FAMILY = "1,2";
				TEST_HOST = "$(BUILT_PRODUCTS_DIR)/KayakTask.app/$(BUNDLE_EXECUTABLE_FOLDER_PATH)/KayakTask";
			};
			name = Release;
		};
		E1A04BD52B3314BA00BE1BD7 /* Debug */ = {
			isa = XCBuildConfiguration;
			buildSettings = {
				ALWAYS_EMBED_SWIFT_STANDARD_LIBRARIES = YES;
				CODE_SIGN_STYLE = Automatic;
				CURRENT_PROJECT_VERSION = 1;
				DEVELOPMENT_TEAM = 7SX728UU78;
				GENERATE_INFOPLIST_FILE = YES;
				MARKETING_VERSION = 1.0;
				PRODUCT_BUNDLE_IDENTIFIER = com.sudnik.ik.KayakTaskUITests;
				PRODUCT_NAME = "$(TARGET_NAME)";
				SWIFT_EMIT_LOC_STRINGS = NO;
				SWIFT_VERSION = 5.0;
				TARGETED_DEVICE_FAMILY = "1,2";
				TEST_TARGET_NAME = KayakTask;
			};
			name = Debug;
		};
		E1A04BD62B3314BA00BE1BD7 /* Release */ = {
			isa = XCBuildConfiguration;
			buildSettings = {
				ALWAYS_EMBED_SWIFT_STANDARD_LIBRARIES = YES;
				CODE_SIGN_STYLE = Automatic;
				CURRENT_PROJECT_VERSION = 1;
				DEVELOPMENT_TEAM = 7SX728UU78;
				GENERATE_INFOPLIST_FILE = YES;
				MARKETING_VERSION = 1.0;
				PRODUCT_BUNDLE_IDENTIFIER = com.sudnik.ik.KayakTaskUITests;
				PRODUCT_NAME = "$(TARGET_NAME)";
				SWIFT_EMIT_LOC_STRINGS = NO;
				SWIFT_VERSION = 5.0;
				TARGETED_DEVICE_FAMILY = "1,2";
				TEST_TARGET_NAME = KayakTask;
			};
			name = Release;
		};
/* End XCBuildConfiguration section */

/* Begin XCConfigurationList section */
		E1A04B9F2B3314B700BE1BD7 /* Build configuration list for PBXProject "KayakTask" */ = {
			isa = XCConfigurationList;
			buildConfigurations = (
				E1A04BCC2B3314BA00BE1BD7 /* Debug */,
				E1A04BCD2B3314BA00BE1BD7 /* Release */,
			);
			defaultConfigurationIsVisible = 0;
			defaultConfigurationName = Release;
		};
		E1A04BCE2B3314BA00BE1BD7 /* Build configuration list for PBXNativeTarget "KayakTask" */ = {
			isa = XCConfigurationList;
			buildConfigurations = (
				E1A04BCF2B3314BA00BE1BD7 /* Debug */,
				E1A04BD02B3314BA00BE1BD7 /* Release */,
			);
			defaultConfigurationIsVisible = 0;
			defaultConfigurationName = Release;
		};
		E1A04BD12B3314BA00BE1BD7 /* Build configuration list for PBXNativeTarget "KayakTaskTests" */ = {
			isa = XCConfigurationList;
			buildConfigurations = (
				E1A04BD22B3314BA00BE1BD7 /* Debug */,
				E1A04BD32B3314BA00BE1BD7 /* Release */,
			);
			defaultConfigurationIsVisible = 0;
			defaultConfigurationName = Release;
		};
		E1A04BD42B3314BA00BE1BD7 /* Build configuration list for PBXNativeTarget "KayakTaskUITests" */ = {
			isa = XCConfigurationList;
			buildConfigurations = (
				E1A04BD52B3314BA00BE1BD7 /* Debug */,
				E1A04BD62B3314BA00BE1BD7 /* Release */,
			);
			defaultConfigurationIsVisible = 0;
			defaultConfigurationName = Release;
		};
/* End XCConfigurationList section */
	};
	rootObject = E1A04B9C2B3314B700BE1BD7 /* Project object */;
}
